
Microsoft Visual Studio Solution File, Format Version 12.00
# Visual Studio Version 17
VisualStudioVersion = 17.11.35312.102
MinimumVisualStudioVersion = 10.0.40219.1
Project("{8BC9CEB8-8B4A-11D0-8D11-00A0C91BC942}") = "Project1", "Project1\Project1.vcxproj", "{D98EA8D3-527D-43A4-9DA4-41A8EC42ABEB}"
EndProject
Global
	GlobalSection(SolutionConfigurationPlatforms) = preSolution
		Debug|x64 = Debug|x64
		Debug|x86 = Debug|x86
		Release|x64 = Release|x64
		Release|x86 = Release|x86
	EndGlobalSection
	GlobalSection(ProjectConfigurationPlatforms) = postSolution
		{D98EA8D3-527D-43A4-9DA4-41A8EC42ABEB}.Debug|x64.ActiveCfg = Debug|x64
		{D98EA8D3-527D-43A4-9DA4-41A8EC42ABEB}.Debug|x64.Build.0 = Debug|x64
		{D98EA8D3-527D-43A4-9DA4-41A8EC42ABEB}.Debug|x86.ActiveCfg = Debug|Win32
		{D98EA8D3-527D-43A4-9DA4-41A8EC42ABEB}.Debug|x86.Build.0 = Debug|Win32
		{D98EA8D3-527D-43A4-9DA4-41A8EC42ABEB}.Release|x64.ActiveCfg = Release|x64
		{D98EA8D3-527D-43A4-9DA4-41A8EC42ABEB}.Release|x64.Build.0 = Release|x64
		{D98EA8D3-527D-43A4-9DA4-41A8EC42ABEB}.Release|x86.ActiveCfg = Release|Win32
		{D98EA8D3-527D-43A4-9DA4-41A8EC42ABEB}.Release|x86.Build.0 = Release|Win32
	EndGlobalSection
	GlobalSection(SolutionProperties) = preSolution
		HideSolutionNode = FALSE
	EndGlobalSection
	GlobalSection(ExtensibilityGlobals) = postSolution
		SolutionGuid = {6CE9BD7A-C9F9-4105-AAE0-102A92138759}
	EndGlobalSection
EndGlobal
